
Microsoft Visual Studio Solution File, Format Version 12.00
# Visual Studio Version 18
VisualStudioVersion = 18.3.11527.330 d18.3
MinimumVisualStudioVersion = 10.0.40219.1
Project("{FAE04EC0-301F-11D3-BF4B-00C04F79EFBC}") = "Com.H.Threading.Scheduler.VP.Sql", "src\Com.H.Threading.Scheduler.VP.Sql.csproj", "{AB43F9DB-3683-40D3-84C7-854A0A0E57DE}"
EndProject
Global
	GlobalSection(SolutionConfigurationPlatforms) = preSolution
		Debug|Any CPU = Debug|Any CPU
		Release|Any CPU = Release|Any CPU
	EndGlobalSection
	GlobalSection(ProjectConfigurationPlatforms) = postSolution
		{AB43F9DB-3683-40D3-84C7-854A0A0E57DE}.Debug|Any CPU.ActiveCfg = Debug|Any CPU
		{AB43F9DB-3683-40D3-84C7-854A0A0E57DE}.Debug|Any CPU.Build.0 = Debug|Any CPU
		{AB43F9DB-3683-40D3-84C7-854A0A0E57DE}.Release|Any CPU.ActiveCfg = Release|Any CPU
		{AB43F9DB-3683-40D3-84C7-854A0A0E57DE}.Release|Any CPU.Build.0 = Release|Any CPU
	EndGlobalSection
	GlobalSection(SolutionProperties) = preSolution
		HideSolutionNode = FALSE
	EndGlobalSection
	GlobalSection(ExtensibilityGlobals) = postSolution
		SolutionGuid = {6AA40935-166B-419A-BF35-BE8CA351A506}
	EndGlobalSection
EndGlobal
